
Microsoft Visual Studio Solution File, Format Version 12.00
# Visual Studio 15
VisualStudioVersion = 15.0.28307.106
MinimumVisualStudioVersion = 10.0.40219.1
Project("{FAE04EC0-301F-11D3-BF4B-00C04F79EFBC}") = "WhileLoop(BenM)", "WhileLoop(BenM)\WhileLoop(BenM).csproj", "{CE413CE4-2391-4C7B-BD6E-9484A6186D9C}"
EndProject
Global
	GlobalSection(SolutionConfigurationPlatforms) = preSolution
		Debug|Any CPU = Debug|Any CPU
		Release|Any CPU = Release|Any CPU
	EndGlobalSection
	GlobalSection(ProjectConfigurationPlatforms) = postSolution
		{CE413CE4-2391-4C7B-BD6E-9484A6186D9C}.Debug|Any CPU.ActiveCfg = Debug|Any CPU
		{CE413CE4-2391-4C7B-BD6E-9484A6186D9C}.Debug|Any CPU.Build.0 = Debug|Any CPU
		{CE413CE4-2391-4C7B-BD6E-9484A6186D9C}.Release|Any CPU.ActiveCfg = Release|Any CPU
		{CE413CE4-2391-4C7B-BD6E-9484A6186D9C}.Release|Any CPU.Build.0 = Release|Any CPU
	EndGlobalSection
	GlobalSection(SolutionProperties) = preSolution
		HideSolutionNode = FALSE
	EndGlobalSection
	GlobalSection(ExtensibilityGlobals) = postSolution
		SolutionGuid = {30987F66-3D84-42DF-83FE-D882BD31C9C2}
	EndGlobalSection
EndGlobal
